// !$*UTF8*$!
{
	archiveVersion = 1;
	classes = {
	};
	objectVersion = 46;
	objects = {

/* Begin PBXBuildFile section */
		3B35B8871BAE98B9002D37FD /* DiscoverTableViewController.m in Sources */ = {isa = PBXBuildFile; fileRef = 3B35B8581BAE98B9002D37FD /* DiscoverTableViewController.m */; settings = {ASSET_TAGS = (); }; };
		3B35B8881BAE98B9002D37FD /* HomeTableViewController.m in Sources */ = {isa = PBXBuildFile; fileRef = 3B35B85E1BAE98B9002D37FD /* HomeTableViewController.m */; settings = {ASSET_TAGS = (); }; };
		3B35B8891BAE98B9002D37FD /* AppDelegate.m in Sources */ = {isa = PBXBuildFile; fileRef = 3B35B8631BAE98B9002D37FD /* AppDelegate.m */; settings = {ASSET_TAGS = (); }; };
		3B35B88A1BAE98B9002D37FD /* UIView+Extension.m in Sources */ = {isa = PBXBuildFile; fileRef = 3B35B8661BAE98B9002D37FD /* UIView+Extension.m */; settings = {ASSET_TAGS = (); }; };
		3B35B88B1BAE98B9002D37FD /* NavigationController.m in Sources */ = {isa = PBXBuildFile; fileRef = 3B35B8691BAE98B9002D37FD /* NavigationController.m */; settings = {ASSET_TAGS = (); }; };
		3B35B88C1BAE98B9002D37FD /* TabBarViewController.m in Sources */ = {isa = PBXBuildFile; fileRef = 3B35B86B1BAE98B9002D37FD /* TabBarViewController.m */; settings = {ASSET_TAGS = (); }; };
		3B35B88D1BAE98B9002D37FD /* main.m in Sources */ = {isa = PBXBuildFile; fileRef = 3B35B86D1BAE98B9002D37FD /* main.m */; settings = {ASSET_TAGS = (); }; };
		3B35B88E1BAE98B9002D37FD /* MessageTableViewController.m in Sources */ = {isa = PBXBuildFile; fileRef = 3B35B8731BAE98B9002D37FD /* MessageTableViewController.m */; settings = {ASSET_TAGS = (); }; };
		3B35B88F1BAE98B9002D37FD /* ProfileTableViewController.m in Sources */ = {isa = PBXBuildFile; fileRef = 3B35B87D1BAE98B9002D37FD /* ProfileTableViewController.m */; settings = {ASSET_TAGS = (); }; };
		3B35B8901BAE98B9002D37FD /* test2ViewController.m in Sources */ = {isa = PBXBuildFile; fileRef = 3B35B8821BAE98B9002D37FD /* test2ViewController.m */; settings = {ASSET_TAGS = (); }; };
		3B35B8911BAE98B9002D37FD /* test2ViewController.xib in Resources */ = {isa = PBXBuildFile; fileRef = 3B35B8831BAE98B9002D37FD /* test2ViewController.xib */; settings = {ASSET_TAGS = (); }; };
		3B35B8921BAE98B9002D37FD /* testViewController.m in Sources */ = {isa = PBXBuildFile; fileRef = 3B35B8851BAE98B9002D37FD /* testViewController.m */; settings = {ASSET_TAGS = (); }; };
		3B35B8931BAE98B9002D37FD /* testViewController.xib in Resources */ = {isa = PBXBuildFile; fileRef = 3B35B8861BAE98B9002D37FD /* testViewController.xib */; settings = {ASSET_TAGS = (); }; };
		3B35B8991BAEA23A002D37FD /* UIBarButtonItem+Extension.m in Sources */ = {isa = PBXBuildFile; fileRef = 3B35B8981BAEA23A002D37FD /* UIBarButtonItem+Extension.m */; settings = {ASSET_TAGS = (); }; };
		3B5DABF01BAD15E0002529CC /* Assets.xcassets in Resources */ = {isa = PBXBuildFile; fileRef = 3B5DABEF1BAD15E0002529CC /* Assets.xcassets */; };
		3B5DABF31BAD15E0002529CC /* LaunchScreen.storyboard in Resources */ = {isa = PBXBuildFile; fileRef = 3B5DABF11BAD15E0002529CC /* LaunchScreen.storyboard */; };
		3B5DABFE1BAD15E0002529CC /* _____Tests.m in Sources */ = {isa = PBXBuildFile; fileRef = 3B5DABFD1BAD15E0002529CC /* _____Tests.m */; };
		3B5DAC091BAD15E0002529CC /* _____UITests.m in Sources */ = {isa = PBXBuildFile; fileRef = 3B5DAC081BAD15E0002529CC /* _____UITests.m */; };
/* End PBXBuildFile section */

/* Begin PBXContainerItemProxy section */
		3B5DABFA1BAD15E0002529CC /* PBXContainerItemProxy */ = {
			isa = PBXContainerItemProxy;
			containerPortal = 3B5DABD81BAD15DF002529CC /* Project object */;
			proxyType = 1;
			remoteGlobalIDString = 3B5DABDF1BAD15E0002529CC;
			remoteInfo = "微博大项目";
		};
		3B5DAC051BAD15E0002529CC /* PBXContainerItemProxy */ = {
			isa = PBXContainerItemProxy;
			containerPortal = 3B5DABD81BAD15DF002529CC /* Project object */;
			proxyType = 1;
			remoteGlobalIDString = 3B5DABDF1BAD15E0002529CC;
			remoteInfo = "微博大项目";
		};
/* End PBXContainerItemProxy section */

/* Begin PBXFileReference section */
		3B35B8571BAE98B9002D37FD /* DiscoverTableViewController.h */ = {isa = PBXFileReference; fileEncoding = 4; lastKnownFileType = sourcecode.c.h; path = DiscoverTableViewController.h; sourceTree = "<group>"; };
		3B35B8581BAE98B9002D37FD /* DiscoverTableViewController.m */ = {isa = PBXFileReference; fileEncoding = 4; lastKnownFileType = sourcecode.c.objc; path = DiscoverTableViewController.m; sourceTree = "<group>"; };
		3B35B85D1BAE98B9002D37FD /* HomeTableViewController.h */ = {isa = PBXFileReference; fileEncoding = 4; lastKnownFileType = sourcecode.c.h; path = HomeTableViewController.h; sourceTree = "<group>"; };
		3B35B85E1BAE98B9002D37FD /* HomeTableViewController.m */ = {isa = PBXFileReference; fileEncoding = 4; lastKnownFileType = sourcecode.c.objc; path = HomeTableViewController.m; sourceTree = "<group>"; };
		3B35B8621BAE98B9002D37FD /* AppDelegate.h */ = {isa = PBXFileReference; fileEncoding = 4; lastKnownFileType = sourcecode.c.h; path = AppDelegate.h; sourceTree = "<group>"; };
		3B35B8631BAE98B9002D37FD /* AppDelegate.m */ = {isa = PBXFileReference; fileEncoding = 4; lastKnownFileType = sourcecode.c.objc; path = AppDelegate.m; sourceTree = "<group>"; };
		3B35B8651BAE98B9002D37FD /* UIView+Extension.h */ = {isa = PBXFileReference; fileEncoding = 4; lastKnownFileType = sourcecode.c.h; path = "UIView+Extension.h"; sourceTree = "<group>"; };
		3B35B8661BAE98B9002D37FD /* UIView+Extension.m */ = {isa = PBXFileReference; fileEncoding = 4; lastKnownFileType = sourcecode.c.objc; path = "UIView+Extension.m"; sourceTree = "<group>"; };
		3B35B8681BAE98B9002D37FD /* NavigationController.h */ = {isa = PBXFileReference; fileEncoding = 4; lastKnownFileType = sourcecode.c.h; path = NavigationController.h; sourceTree = "<group>"; };
		3B35B8691BAE98B9002D37FD /* NavigationController.m */ = {isa = PBXFileReference; fileEncoding = 4; lastKnownFileType = sourcecode.c.objc; path = NavigationController.m; sourceTree = "<group>"; };
		3B35B86A1BAE98B9002D37FD /* TabBarViewController.h */ = {isa = PBXFileReference; fileEncoding = 4; lastKnownFileType = sourcecode.c.h; path = TabBarViewController.h; sourceTree = "<group>"; };
		3B35B86B1BAE98B9002D37FD /* TabBarViewController.m */ = {isa = PBXFileReference; fileEncoding = 4; lastKnownFileType = sourcecode.c.objc; path = TabBarViewController.m; sourceTree = "<group>"; };
		3B35B86D1BAE98B9002D37FD /* main.m */ = {isa = PBXFileReference; fileEncoding = 4; lastKnownFileType = sourcecode.c.objc; path = main.m; sourceTree = "<group>"; };
		3B35B8721BAE98B9002D37FD /* MessageTableViewController.h */ = {isa = PBXFileReference; fileEncoding = 4; lastKnownFileType = sourcecode.c.h; path = MessageTableViewController.h; sourceTree = "<group>"; };
		3B35B8731BAE98B9002D37FD /* MessageTableViewController.m */ = {isa = PBXFileReference; fileEncoding = 4; lastKnownFileType = sourcecode.c.objc; path = MessageTableViewController.m; sourceTree = "<group>"; };
		3B35B87C1BAE98B9002D37FD /* ProfileTableViewController.h */ = {isa = PBXFileReference; fileEncoding = 4; lastKnownFileType = sourcecode.c.h; path = ProfileTableViewController.h; sourceTree = "<group>"; };
		3B35B87D1BAE98B9002D37FD /* ProfileTableViewController.m */ = {isa = PBXFileReference; fileEncoding = 4; lastKnownFileType = sourcecode.c.objc; path = ProfileTableViewController.m; sourceTree = "<group>"; };
		3B35B8811BAE98B9002D37FD /* test2ViewController.h */ = {isa = PBXFileReference; fileEncoding = 4; lastKnownFileType = sourcecode.c.h; path = test2ViewController.h; sourceTree = "<group>"; };
		3B35B8821BAE98B9002D37FD /* test2ViewController.m */ = {isa = PBXFileReference; fileEncoding = 4; lastKnownFileType = sourcecode.c.objc; path = test2ViewController.m; sourceTree = "<group>"; };
		3B35B8831BAE98B9002D37FD /* test2ViewController.xib */ = {isa = PBXFileReference; fileEncoding = 4; lastKnownFileType = file.xib; path = test2ViewController.xib; sourceTree = "<group>"; };
		3B35B8841BAE98B9002D37FD /* testViewController.h */ = {isa = PBXFileReference; fileEncoding = 4; lastKnownFileType = sourcecode.c.h; path = testViewController.h; sourceTree = "<group>"; };
		3B35B8851BAE98B9002D37FD /* testViewController.m */ = {isa = PBXFileReference; fileEncoding = 4; lastKnownFileType = sourcecode.c.objc; path = testViewController.m; sourceTree = "<group>"; };
		3B35B8861BAE98B9002D37FD /* testViewController.xib */ = {isa = PBXFileReference; fileEncoding = 4; lastKnownFileType = file.xib; path = testViewController.xib; sourceTree = "<group>"; };
		3B35B8971BAEA23A002D37FD /* UIBarButtonItem+Extension.h */ = {isa = PBXFileReference; fileEncoding = 4; lastKnownFileType = sourcecode.c.h; path = "UIBarButtonItem+Extension.h"; sourceTree = "<group>"; };
		3B35B8981BAEA23A002D37FD /* UIBarButtonItem+Extension.m */ = {isa = PBXFileReference; fileEncoding = 4; lastKnownFileType = sourcecode.c.objc; path = "UIBarButtonItem+Extension.m"; sourceTree = "<group>"; };
		3B5DABE01BAD15E0002529CC /* 微博大项目.app */ = {isa = PBXFileReference; explicitFileType = wrapper.application; includeInIndex = 0; path = "微博大项目.app"; sourceTree = BUILT_PRODUCTS_DIR; };
		3B5DABEF1BAD15E0002529CC /* Assets.xcassets */ = {isa = PBXFileReference; lastKnownFileType = folder.assetcatalog; path = Assets.xcassets; sourceTree = "<group>"; };
		3B5DABF21BAD15E0002529CC /* Base */ = {isa = PBXFileReference; lastKnownFileType = file.storyboard; name = Base; path = Base.lproj/LaunchScreen.storyboard; sourceTree = "<group>"; };
		3B5DABF41BAD15E0002529CC /* Info.plist */ = {isa = PBXFileReference; lastKnownFileType = text.plist.xml; path = Info.plist; sourceTree = "<group>"; };
		3B5DABF91BAD15E0002529CC /* 微博大项目Tests.xctest */ = {isa = PBXFileReference; explicitFileType = wrapper.cfbundle; includeInIndex = 0; path = "微博大项目Tests.xctest"; sourceTree = BUILT_PRODUCTS_DIR; };
		3B5DABFD1BAD15E0002529CC /* _____Tests.m */ = {isa = PBXFileReference; lastKnownFileType = sourcecode.c.objc; path = "_____Tests.m"; sourceTree = "<group>"; };
		3B5DABFF1BAD15E0002529CC /* Info.plist */ = {isa = PBXFileReference; lastKnownFileType = text.plist.xml; path = Info.plist; sourceTree = "<group>"; };
		3B5DAC041BAD15E0002529CC /* 微博大项目UITests.xctest */ = {isa = PBXFileReference; explicitFileType = wrapper.cfbundle; includeInIndex = 0; path = "微博大项目UITests.xctest"; sourceTree = BUILT_PRODUCTS_DIR; };
		3B5DAC081BAD15E0002529CC /* _____UITests.m */ = {isa = PBXFileReference; lastKnownFileType = sourcecode.c.objc; path = "_____UITests.m"; sourceTree = "<group>"; };
		3B5DAC0A1BAD15E0002529CC /* Info.plist */ = {isa = PBXFileReference; lastKnownFileType = text.plist.xml; path = Info.plist; sourceTree = "<group>"; };
		3B5DAC1C1BAD4D40002529CC /* 微博大项目-Prefix.pch */ = {isa = PBXFileReference; fileEncoding = 4; lastKnownFileType = sourcecode.c.h; path = "微博大项目-Prefix.pch"; sourceTree = "<group>"; };
/* End PBXFileReference section */

/* Begin PBXFrameworksBuildPhase section */
		3B5DABDD1BAD15E0002529CC /* Frameworks */ = {
			isa = PBXFrameworksBuildPhase;
			buildActionMask = 2147483647;
			files = (
			);
			runOnlyForDeploymentPostprocessing = 0;
		};
		3B5DABF61BAD15E0002529CC /* Frameworks */ = {
			isa = PBXFrameworksBuildPhase;
			buildActionMask = 2147483647;
			files = (
			);
			runOnlyForDeploymentPostprocessing = 0;
		};
		3B5DAC011BAD15E0002529CC /* Frameworks */ = {
			isa = PBXFrameworksBuildPhase;
			buildActionMask = 2147483647;
			files = (
			);
			runOnlyForDeploymentPostprocessing = 0;
		};
/* End PBXFrameworksBuildPhase section */

/* Begin PBXGroup section */
		3B35B8541BAE98B9002D37FD /* Classes */ = {
			isa = PBXGroup;
			children = (
				3B35B8551BAE98B9002D37FD /* Discover（发现） */,
				3B35B85B1BAE98B9002D37FD /* Home(首页) */,
				3B35B8611BAE98B9002D37FD /* Main（主要） */,
				3B35B8701BAE98B9002D37FD /* MessageCenter */,
				3B35B8761BAE98B9002D37FD /* Other（其它） */,
				3B35B87A1BAE98B9002D37FD /* Profile（我） */,
				3B35B8801BAE98B9002D37FD /* Tmp */,
			);
			path = Classes;
			sourceTree = "<group>";
		};
		3B35B8551BAE98B9002D37FD /* Discover（发现） */ = {
			isa = PBXGroup;
			children = (
				3B35B8561BAE98B9002D37FD /* Controller */,
				3B35B8591BAE98B9002D37FD /* Model */,
				3B35B85A1BAE98B9002D37FD /* View */,
			);
			path = "Discover（发现）";
			sourceTree = "<group>";
		};
		3B35B8561BAE98B9002D37FD /* Controller */ = {
			isa = PBXGroup;
			children = (
				3B35B8571BAE98B9002D37FD /* DiscoverTableViewController.h */,
				3B35B8581BAE98B9002D37FD /* DiscoverTableViewController.m */,
			);
			path = Controller;
			sourceTree = "<group>";
		};
		3B35B8591BAE98B9002D37FD /* Model */ = {
			isa = PBXGroup;
			children = (
			);
			path = Model;
			sourceTree = "<group>";
		};
		3B35B85A1BAE98B9002D37FD /* View */ = {
			isa = PBXGroup;
			children = (
			);
			path = View;
			sourceTree = "<group>";
		};
		3B35B85B1BAE98B9002D37FD /* Home(首页) */ = {
			isa = PBXGroup;
			children = (
				3B35B85C1BAE98B9002D37FD /* Controller */,
				3B35B85F1BAE98B9002D37FD /* Model */,
				3B35B8601BAE98B9002D37FD /* View */,
			);
			path = "Home(首页)";
			sourceTree = "<group>";
		};
		3B35B85C1BAE98B9002D37FD /* Controller */ = {
			isa = PBXGroup;
			children = (
				3B35B85D1BAE98B9002D37FD /* HomeTableViewController.h */,
				3B35B85E1BAE98B9002D37FD /* HomeTableViewController.m */,
			);
			path = Controller;
			sourceTree = "<group>";
		};
		3B35B85F1BAE98B9002D37FD /* Model */ = {
			isa = PBXGroup;
			children = (
			);
			path = Model;
			sourceTree = "<group>";
		};
		3B35B8601BAE98B9002D37FD /* View */ = {
			isa = PBXGroup;
			children = (
			);
			path = View;
			sourceTree = "<group>";
		};
		3B35B8611BAE98B9002D37FD /* Main（主要） */ = {
			isa = PBXGroup;
			children = (
				3B35B8621BAE98B9002D37FD /* AppDelegate.h */,
				3B35B8631BAE98B9002D37FD /* AppDelegate.m */,
				3B35B8641BAE98B9002D37FD /* Category */,
				3B35B8671BAE98B9002D37FD /* Controller */,
				3B35B86C1BAE98B9002D37FD /* lib */,
				3B35B86D1BAE98B9002D37FD /* main.m */,
				3B35B86E1BAE98B9002D37FD /* Model */,
				3B35B86F1BAE98B9002D37FD /* View */,
			);
			path = "Main（主要）";
			sourceTree = "<group>";
		};
		3B35B8641BAE98B9002D37FD /* Category */ = {
			isa = PBXGroup;
			children = (
				3B35B8651BAE98B9002D37FD /* UIView+Extension.h */,
				3B35B8661BAE98B9002D37FD /* UIView+Extension.m */,
				3B35B8971BAEA23A002D37FD /* UIBarButtonItem+Extension.h */,
				3B35B8981BAEA23A002D37FD /* UIBarButtonItem+Extension.m */,
			);
			path = Category;
			sourceTree = "<group>";
		};
		3B35B8671BAE98B9002D37FD /* Controller */ = {
			isa = PBXGroup;
			children = (
				3B35B8681BAE98B9002D37FD /* NavigationController.h */,
				3B35B8691BAE98B9002D37FD /* NavigationController.m */,
				3B35B86A1BAE98B9002D37FD /* TabBarViewController.h */,
				3B35B86B1BAE98B9002D37FD /* TabBarViewController.m */,
			);
			path = Controller;
			sourceTree = "<group>";
		};
		3B35B86C1BAE98B9002D37FD /* lib */ = {
			isa = PBXGroup;
			children = (
			);
			path = lib;
			sourceTree = "<group>";
		};
		3B35B86E1BAE98B9002D37FD /* Model */ = {
			isa = PBXGroup;
			children = (
			);
			path = Model;
			sourceTree = "<group>";
		};
		3B35B86F1BAE98B9002D37FD /* View */ = {
			isa = PBXGroup;
			children = (
			);
			path = View;
			sourceTree = "<group>";
		};
		3B35B8701BAE98B9002D37FD /* MessageCenter */ = {
			isa = PBXGroup;
			children = (
				3B35B8711BAE98B9002D37FD /* Controller */,
				3B35B8741BAE98B9002D37FD /* Model */,
				3B35B8751BAE98B9002D37FD /* View */,
			);
			path = MessageCenter;
			sourceTree = "<group>";
		};
		3B35B8711BAE98B9002D37FD /* Controller */ = {
			isa = PBXGroup;
			children = (
				3B35B8721BAE98B9002D37FD /* MessageTableViewController.h */,
				3B35B8731BAE98B9002D37FD /* MessageTableViewController.m */,
			);
			path = Controller;
			sourceTree = "<group>";
		};
		3B35B8741BAE98B9002D37FD /* Model */ = {
			isa = PBXGroup;
			children = (
			);
			path = Model;
			sourceTree = "<group>";
		};
		3B35B8751BAE98B9002D37FD /* View */ = {
			isa = PBXGroup;
			children = (
			);
			path = View;
			sourceTree = "<group>";
		};
		3B35B8761BAE98B9002D37FD /* Other（其它） */ = {
			isa = PBXGroup;
			children = (
				3B35B8771BAE98B9002D37FD /* Controller */,
				3B35B8781BAE98B9002D37FD /* Model */,
				3B35B8791BAE98B9002D37FD /* View */,
			);
			path = "Other（其它）";
			sourceTree = "<group>";
		};
		3B35B8771BAE98B9002D37FD /* Controller */ = {
			isa = PBXGroup;
			children = (
			);
			path = Controller;
			sourceTree = "<group>";
		};
		3B35B8781BAE98B9002D37FD /* Model */ = {
			isa = PBXGroup;
			children = (
			);
			path = Model;
			sourceTree = "<group>";
		};
		3B35B8791BAE98B9002D37FD /* View */ = {
			isa = PBXGroup;
			children = (
			);
			path = View;
			sourceTree = "<group>";
		};
		3B35B87A1BAE98B9002D37FD /* Profile（我） */ = {
			isa = PBXGroup;
			children = (
				3B35B87B1BAE98B9002D37FD /* Controller */,
				3B35B87E1BAE98B9002D37FD /* Model */,
				3B35B87F1BAE98B9002D37FD /* View */,
			);
			path = "Profile（我）";
			sourceTree = "<group>";
		};
		3B35B87B1BAE98B9002D37FD /* Controller */ = {
			isa = PBXGroup;
			children = (
				3B35B87C1BAE98B9002D37FD /* ProfileTableViewController.h */,
				3B35B87D1BAE98B9002D37FD /* ProfileTableViewController.m */,
			);
			path = Controller;
			sourceTree = "<group>";
		};
		3B35B87E1BAE98B9002D37FD /* Model */ = {
			isa = PBXGroup;
			children = (
			);
			path = Model;
			sourceTree = "<group>";
		};
		3B35B87F1BAE98B9002D37FD /* View */ = {
			isa = PBXGroup;
			children = (
			);
			path = View;
			sourceTree = "<group>";
		};
		3B35B8801BAE98B9002D37FD /* Tmp */ = {
			isa = PBXGroup;
			children = (
				3B35B8811BAE98B9002D37FD /* test2ViewController.h */,
				3B35B8821BAE98B9002D37FD /* test2ViewController.m */,
				3B35B8831BAE98B9002D37FD /* test2ViewController.xib */,
				3B35B8841BAE98B9002D37FD /* testViewController.h */,
				3B35B8851BAE98B9002D37FD /* testViewController.m */,
				3B35B8861BAE98B9002D37FD /* testViewController.xib */,
			);
			path = Tmp;
			sourceTree = "<group>";
		};
		3B5DABD71BAD15DF002529CC = {
			isa = PBXGroup;
			children = (
				3B5DABE21BAD15E0002529CC /* 微博大项目 */,
				3B5DABFC1BAD15E0002529CC /* 微博大项目Tests */,
				3B5DAC071BAD15E0002529CC /* 微博大项目UITests */,
				3B5DABE11BAD15E0002529CC /* Products */,
			);
			sourceTree = "<group>";
		};
		3B5DABE11BAD15E0002529CC /* Products */ = {
			isa = PBXGroup;
			children = (
				3B5DABE01BAD15E0002529CC /* 微博大项目.app */,
				3B5DABF91BAD15E0002529CC /* 微博大项目Tests.xctest */,
				3B5DAC041BAD15E0002529CC /* 微博大项目UITests.xctest */,
			);
			name = Products;
			sourceTree = "<group>";
		};
		3B5DABE21BAD15E0002529CC /* 微博大项目 */ = {
			isa = PBXGroup;
			children = (
				3B35B8541BAE98B9002D37FD /* Classes */,
				3B5DABE31BAD15E0002529CC /* Supporting Files */,
			);
			path = "微博大项目";
			sourceTree = "<group>";
		};
		3B5DABE31BAD15E0002529CC /* Supporting Files */ = {
			isa = PBXGroup;
			children = (
				3B5DABEF1BAD15E0002529CC /* Assets.xcassets */,
				3B5DABF11BAD15E0002529CC /* LaunchScreen.storyboard */,
				3B5DABF41BAD15E0002529CC /* Info.plist */,
				3B5DAC1C1BAD4D40002529CC /* 微博大项目-Prefix.pch */,
			);
			name = "Supporting Files";
			sourceTree = "<group>";
		};
		3B5DABFC1BAD15E0002529CC /* 微博大项目Tests */ = {
			isa = PBXGroup;
			children = (
				3B5DABFD1BAD15E0002529CC /* _____Tests.m */,
				3B5DABFF1BAD15E0002529CC /* Info.plist */,
			);
			path = "微博大项目Tests";
			sourceTree = "<group>";
		};
		3B5DAC071BAD15E0002529CC /* 微博大项目UITests */ = {
			isa = PBXGroup;
			children = (
				3B5DAC081BAD15E0002529CC /* _____UITests.m */,
				3B5DAC0A1BAD15E0002529CC /* Info.plist */,
			);
			path = "微博大项目UITests";
			sourceTree = "<group>";
		};
/* End PBXGroup section */

/* Begin PBXNativeTarget section */
		3B5DABDF1BAD15E0002529CC /* 微博大项目 */ = {
			isa = PBXNativeTarget;
			buildConfigurationList = 3B5DAC0D1BAD15E0002529CC /* Build configuration list for PBXNativeTarget "微博大项目" */;
			buildPhases = (
				3B5DABDC1BAD15E0002529CC /* Sources */,
				3B5DABDD1BAD15E0002529CC /* Frameworks */,
				3B5DABDE1BAD15E0002529CC /* Resources */,
			);
			buildRules = (
			);
			dependencies = (
			);
			name = "微博大项目";
			productName = "微博大项目";
			productReference = 3B5DABE01BAD15E0002529CC /* 微博大项目.app */;
			productType = "com.apple.product-type.application";
		};
		3B5DABF81BAD15E0002529CC /* 微博大项目Tests */ = {
			isa = PBXNativeTarget;
			buildConfigurationList = 3B5DAC101BAD15E0002529CC /* Build configuration list for PBXNativeTarget "微博大项目Tests" */;
			buildPhases = (
				3B5DABF51BAD15E0002529CC /* Sources */,
				3B5DABF61BAD15E0002529CC /* Frameworks */,
				3B5DABF71BAD15E0002529CC /* Resources */,
			);
			buildRules = (
			);
			dependencies = (
				3B5DABFB1BAD15E0002529CC /* PBXTargetDependency */,
			);
			name = "微博大项目Tests";
			productName = "微博大项目Tests";
			productReference = 3B5DABF91BAD15E0002529CC /* 微博大项目Tests.xctest */;
			productType = "com.apple.product-type.bundle.unit-test";
		};
		3B5DAC031BAD15E0002529CC /* 微博大项目UITests */ = {
			isa = PBXNativeTarget;
			buildConfigurationList = 3B5DAC131BAD15E0002529CC /* Build configuration list for PBXNativeTarget "微博大项目UITests" */;
			buildPhases = (
				3B5DAC001BAD15E0002529CC /* Sources */,
				3B5DAC011BAD15E0002529CC /* Frameworks */,
				3B5DAC021BAD15E0002529CC /* Resources */,
			);
			buildRules = (
			);
			dependencies = (
				3B5DAC061BAD15E0002529CC /* PBXTargetDependency */,
			);
			name = "微博大项目UITests";
			productName = "微博大项目UITests";
			productReference = 3B5DAC041BAD15E0002529CC /* 微博大项目UITests.xctest */;
			productType = "com.apple.product-type.bundle.ui-testing";
		};
/* End PBXNativeTarget section */

/* Begin PBXProject section */
		3B5DABD81BAD15DF002529CC /* Project object */ = {
			isa = PBXProject;
			attributes = {
				LastUpgradeCheck = 0700;
				ORGANIZATIONNAME = Trbocare;
				TargetAttributes = {
					3B5DABDF1BAD15E0002529CC = {
						CreatedOnToolsVersion = 7.0;
					};
					3B5DABF81BAD15E0002529CC = {
						CreatedOnToolsVersion = 7.0;
						TestTargetID = 3B5DABDF1BAD15E0002529CC;
					};
					3B5DAC031BAD15E0002529CC = {
						CreatedOnToolsVersion = 7.0;
						TestTargetID = 3B5DABDF1BAD15E0002529CC;
					};
				};
			};
			buildConfigurationList = 3B5DABDB1BAD15DF002529CC /* Build configuration list for PBXProject "微博大项目" */;
			compatibilityVersion = "Xcode 3.2";
			developmentRegion = English;
			hasScannedForEncodings = 0;
			knownRegions = (
				en,
				Base,
			);
			mainGroup = 3B5DABD71BAD15DF002529CC;
			productRefGroup = 3B5DABE11BAD15E0002529CC /* Products */;
			projectDirPath = "";
			projectRoot = "";
			targets = (
				3B5DABDF1BAD15E0002529CC /* 微博大项目 */,
				3B5DABF81BAD15E0002529CC /* 微博大项目Tests */,
				3B5DAC031BAD15E0002529CC /* 微博大项目UITests */,
			);
		};
/* End PBXProject section */

/* Begin PBXResourcesBuildPhase section */
		3B5DABDE1BAD15E0002529CC /* Resources */ = {
			isa = PBXResourcesBuildPhase;
			buildActionMask = 2147483647;
			files = (
				3B35B8911BAE98B9002D37FD /* test2ViewController.xib in Resources */,
				3B5DABF31BAD15E0002529CC /* LaunchScreen.storyboard in Resources */,
				3B35B8931BAE98B9002D37FD /* testViewController.xib in Resources */,
				3B5DABF01BAD15E0002529CC /* Assets.xcassets in Resources */,
			);
			runOnlyForDeploymentPostprocessing = 0;
		};
		3B5DABF71BAD15E0002529CC /* Resources */ = {
			isa = PBXResourcesBuildPhase;
			buildActionMask = 2147483647;
			files = (
			);
			runOnlyForDeploymentPostprocessing = 0;
		};
		3B5DAC021BAD15E0002529CC /* Resources */ = {
			isa = PBXResourcesBuildPhase;
			buildActionMask = 2147483647;
			files = (
			);
			runOnlyForDeploymentPostprocessing = 0;
		};
/* End PBXResourcesBuildPhase section */

/* Begin PBXSourcesBuildPhase section */
		3B5DABDC1BAD15E0002529CC /* Sources */ = {
			isa = PBXSourcesBuildPhase;
			buildActionMask = 2147483647;
			files = (
				3B35B8881BAE98B9002D37FD /* HomeTableViewController.m in Sources */,
				3B35B8921BAE98B9002D37FD /* testViewController.m in Sources */,
				3B35B8871BAE98B9002D37FD /* DiscoverTableViewController.m in Sources */,
				3B35B88B1BAE98B9002D37FD /* NavigationController.m in Sources */,
				3B35B88F1BAE98B9002D37FD /* ProfileTableViewController.m in Sources */,
				3B35B88E1BAE98B9002D37FD /* MessageTableViewController.m in Sources */,
				3B35B88A1BAE98B9002D37FD /* UIView+Extension.m in Sources */,
				3B35B88C1BAE98B9002D37FD /* TabBarViewController.m in Sources */,
				3B35B8901BAE98B9002D37FD /* test2ViewController.m in Sources */,
				3B35B88D1BAE98B9002D37FD /* main.m in Sources */,
				3B35B8991BAEA23A002D37FD /* UIBarButtonItem+Extension.m in Sources */,
				3B35B8891BAE98B9002D37FD /* AppDelegate.m in Sources */,
			);
			runOnlyForDeploymentPostprocessing = 0;
		};
		3B5DABF51BAD15E0002529CC /* Sources */ = {
			isa = PBXSourcesBuildPhase;
			buildActionMask = 2147483647;
			files = (
				3B5DABFE1BAD15E0002529CC /* _____Tests.m in Sources */,
			);
			runOnlyForDeploymentPostprocessing = 0;
		};
		3B5DAC001BAD15E0002529CC /* Sources */ = {
			isa = PBXSourcesBuildPhase;
			buildActionMask = 2147483647;
			files = (
				3B5DAC091BAD15E0002529CC /* _____UITests.m in Sources */,
			);
			runOnlyForDeploymentPostprocessing = 0;
		};
/* End PBXSourcesBuildPhase section */

/* Begin PBXTargetDependency section */
		3B5DABFB1BAD15E0002529CC /* PBXTargetDependency */ = {
			isa = PBXTargetDependency;
			target = 3B5DABDF1BAD15E0002529CC /* 微博大项目 */;
			targetProxy = 3B5DABFA1BAD15E0002529CC /* PBXContainerItemProxy */;
		};
		3B5DAC061BAD15E0002529CC /* PBXTargetDependency */ = {
			isa = PBXTargetDependency;
			target = 3B5DABDF1BAD15E0002529CC /* 微博大项目 */;
			targetProxy = 3B5DAC051BAD15E0002529CC /* PBXContainerItemProxy */;
		};
/* End PBXTargetDependency section */

/* Begin PBXVariantGroup section */
		3B5DABF11BAD15E0002529CC /* LaunchScreen.storyboard */ = {
			isa = PBXVariantGroup;
			children = (
				3B5DABF21BAD15E0002529CC /* Base */,
			);
			name = LaunchScreen.storyboard;
			sourceTree = "<group>";
		};
/* End PBXVariantGroup section */

/* Begin XCBuildConfiguration section */
		3B5DAC0B1BAD15E0002529CC /* Debug */ = {
			isa = XCBuildConfiguration;
			buildSettings = {
				ALWAYS_SEARCH_USER_PATHS = NO;
				CLANG_CXX_LANGUAGE_STANDARD = "gnu++0x";
				CLANG_CXX_LIBRARY = "libc++";
				CLANG_ENABLE_MODULES = YES;
				CLANG_ENABLE_OBJC_ARC = YES;
				CLANG_WARN_BOOL_CONVERSION = YES;
				CLANG_WARN_CONSTANT_CONVERSION = YES;
				CLANG_WARN_DIRECT_OBJC_ISA_USAGE = YES_ERROR;
				CLANG_WARN_EMPTY_BODY = YES;
				CLANG_WARN_ENUM_CONVERSION = YES;
				CLANG_WARN_INT_CONVERSION = YES;
				CLANG_WARN_OBJC_ROOT_CLASS = YES_ERROR;
				CLANG_WARN_UNREACHABLE_CODE = YES;
				CLANG_WARN__DUPLICATE_METHOD_MATCH = YES;
				"CODE_SIGN_IDENTITY[sdk=iphoneos*]" = "iPhone Developer";
				COPY_PHASE_STRIP = NO;
				DEBUG_INFORMATION_FORMAT = dwarf;
				ENABLE_STRICT_OBJC_MSGSEND = YES;
				ENABLE_TESTABILITY = YES;
				GCC_C_LANGUAGE_STANDARD = gnu99;
				GCC_DYNAMIC_NO_PIC = NO;
				GCC_NO_COMMON_BLOCKS = YES;
				GCC_OPTIMIZATION_LEVEL = 0;
				GCC_PREFIX_HEADER = "微博大项目/微博大项目-Prefix.pch";
				GCC_PREPROCESSOR_DEFINITIONS = (
					"DEBUG=1",
					"$(inherited)",
				);
				GCC_WARN_64_TO_32_BIT_CONVERSION = YES;
				GCC_WARN_ABOUT_RETURN_TYPE = YES_ERROR;
				GCC_WARN_UNDECLARED_SELECTOR = YES;
				GCC_WARN_UNINITIALIZED_AUTOS = YES_AGGRESSIVE;
				GCC_WARN_UNUSED_FUNCTION = YES;
				GCC_WARN_UNUSED_VARIABLE = YES;
				IPHONEOS_DEPLOYMENT_TARGET = 9.0;
				MTL_ENABLE_DEBUG_INFO = YES;
				ONLY_ACTIVE_ARCH = YES;
				SDKROOT = iphoneos;
			};
			name = Debug;
		};
		3B5DAC0C1BAD15E0002529CC /* Release */ = {
			isa = XCBuildConfiguration;
			buildSettings = {
				ALWAYS_SEARCH_USER_PATHS = NO;
				CLANG_CXX_LANGUAGE_STANDARD = "gnu++0x";
				CLANG_CXX_LIBRARY = "libc++";
				CLANG_ENABLE_MODULES = YES;
				CLANG_ENABLE_OBJC_ARC = YES;
				CLANG_WARN_BOOL_CONVERSION = YES;
				CLANG_WARN_CONSTANT_CONVERSION = YES;
				CLANG_WARN_DIRECT_OBJC_ISA_USAGE = YES_ERROR;
				CLANG_WARN_EMPTY_BODY = YES;
				CLANG_WARN_ENUM_CONVERSION = YES;
				CLANG_WARN_INT_CONVERSION = YES;
				CLANG_WARN_OBJC_ROOT_CLASS = YES_ERROR;
				CLANG_WARN_UNREACHABLE_CODE = YES;
				CLANG_WARN__DUPLICATE_METHOD_MATCH = YES;
				"CODE_SIGN_IDENTITY[sdk=iphoneos*]" = "iPhone Developer";
				COPY_PHASE_STRIP = NO;
				DEBUG_INFORMATION_FORMAT = "dwarf-with-dsym";
				ENABLE_NS_ASSERTIONS = NO;
				ENABLE_STRICT_OBJC_MSGSEND = YES;
				GCC_C_LANGUAGE_STANDARD = gnu99;
				GCC_NO_COMMON_BLOCKS = YES;
				GCC_PREFIX_HEADER = "微博大项目/微博大项目-Prefix.pch";
				GCC_WARN_64_TO_32_BIT_CONVERSION = YES;
				GCC_WARN_ABOUT_RETURN_TYPE = YES_ERROR;
				GCC_WARN_UNDECLARED_SELECTOR = YES;
				GCC_WARN_UNINITIALIZED_AUTOS = YES_AGGRESSIVE;
				GCC_WARN_UNUSED_FUNCTION = YES;
				GCC_WARN_UNUSED_VARIABLE = YES;
				IPHONEOS_DEPLOYMENT_TARGET = 9.0;
				MTL_ENABLE_DEBUG_INFO = NO;
				SDKROOT = iphoneos;
				VALIDATE_PRODUCT = YES;
			};
			name = Release;
		};
		3B5DAC0E1BAD15E0002529CC /* Debug */ = {
			isa = XCBuildConfiguration;
			buildSettings = {
				ASSETCATALOG_COMPILER_APPICON_NAME = AppIcon;
				ASSETCATALOG_COMPILER_LAUNCHIMAGE_NAME = LaunchImage;
				INFOPLIST_FILE = "微博大项目/Info.plist";
				LD_RUNPATH_SEARCH_PATHS = "$(inherited) @executable_path/Frameworks";
				PRODUCT_BUNDLE_IDENTIFIER = "edu.self.-----";
				PRODUCT_NAME = "$(TARGET_NAME)";
			};
			name = Debug;
		};
		3B5DAC0F1BAD15E0002529CC /* Release */ = {
			isa = XCBuildConfiguration;
			buildSettings = {
				ASSETCATALOG_COMPILER_APPICON_NAME = AppIcon;
				ASSETCATALOG_COMPILER_LAUNCHIMAGE_NAME = LaunchImage;
				INFOPLIST_FILE = "微博大项目/Info.plist";
				LD_RUNPATH_SEARCH_PATHS = "$(inherited) @executable_path/Frameworks";
				PRODUCT_BUNDLE_IDENTIFIER = "edu.self.-----";
				PRODUCT_NAME = "$(TARGET_NAME)";
			};
			name = Release;
		};
		3B5DAC111BAD15E0002529CC /* Debug */ = {
			isa = XCBuildConfiguration;
			buildSettings = {
				BUNDLE_LOADER = "$(TEST_HOST)";
				INFOPLIST_FILE = "微博大项目Tests/Info.plist";
				LD_RUNPATH_SEARCH_PATHS = "$(inherited) @executable_path/Frameworks @loader_path/Frameworks";
				PRODUCT_BUNDLE_IDENTIFIER = "edu.self.-----Tests";
				PRODUCT_NAME = "$(TARGET_NAME)";
				TEST_HOST = "$(BUILT_PRODUCTS_DIR)/微博大项目.app/微博大项目";
			};
			name = Debug;
		};
		3B5DAC121BAD15E0002529CC /* Release */ = {
			isa = XCBuildConfiguration;
			buildSettings = {
				BUNDLE_LOADER = "$(TEST_HOST)";
				INFOPLIST_FILE = "微博大项目Tests/Info.plist";
				LD_RUNPATH_SEARCH_PATHS = "$(inherited) @executable_path/Frameworks @loader_path/Frameworks";
				PRODUCT_BUNDLE_IDENTIFIER = "edu.self.-----Tests";
				PRODUCT_NAME = "$(TARGET_NAME)";
				TEST_HOST = "$(BUILT_PRODUCTS_DIR)/微博大项目.app/微博大项目";
			};
			name = Release;
		};
		3B5DAC141BAD15E0002529CC /* Debug */ = {
			isa = XCBuildConfiguration;
			buildSettings = {
				INFOPLIST_FILE = "微博大项目UITests/Info.plist";
				LD_RUNPATH_SEARCH_PATHS = "$(inherited) @executable_path/Frameworks @loader_path/Frameworks";
				PRODUCT_BUNDLE_IDENTIFIER = "edu.self.-----UITests";
				PRODUCT_NAME = "$(TARGET_NAME)";
				TEST_TARGET_NAME = "微博大项目";
				USES_XCTRUNNER = YES;
			};
			name = Debug;
		};
		3B5DAC151BAD15E0002529CC /* Release */ = {
			isa = XCBuildConfiguration;
			buildSettings = {
				INFOPLIST_FILE = "微博大项目UITests/Info.plist";
				LD_RUNPATH_SEARCH_PATHS = "$(inherited) @executable_path/Frameworks @loader_path/Frameworks";
				PRODUCT_BUNDLE_IDENTIFIER = "edu.self.-----UITests";
				PRODUCT_NAME = "$(TARGET_NAME)";
				TEST_TARGET_NAME = "微博大项目";
				USES_XCTRUNNER = YES;
			};
			name = Release;
		};
/* End XCBuildConfiguration section */

/* Begin XCConfigurationList section */
		3B5DABDB1BAD15DF002529CC /* Build configuration list for PBXProject "微博大项目" */ = {
			isa = XCConfigurationList;
			buildConfigurations = (
				3B5DAC0B1BAD15E0002529CC /* Debug */,
				3B5DAC0C1BAD15E0002529CC /* Release */,
			);
			defaultConfigurationIsVisible = 0;
			defaultConfigurationName = Release;
		};
		3B5DAC0D1BAD15E0002529CC /* Build configuration list for PBXNativeTarget "微博大项目" */ = {
			isa = XCConfigurationList;
			buildConfigurations = (
				3B5DAC0E1BAD15E0002529CC /* Debug */,
				3B5DAC0F1BAD15E0002529CC /* Release */,
			);
			defaultConfigurationIsVisible = 0;
			defaultConfigurationName = Release;
		};
		3B5DAC101BAD15E0002529CC /* Build configuration list for PBXNativeTarget "微博大项目Tests" */ = {
			isa = XCConfigurationList;
			buildConfigurations = (
				3B5DAC111BAD15E0002529CC /* Debug */,
				3B5DAC121BAD15E0002529CC /* Release */,
			);
			defaultConfigurationIsVisible = 0;
			defaultConfigurationName = Release;
		};
		3B5DAC131BAD15E0002529CC /* Build configuration list for PBXNativeTarget "微博大项目UITests" */ = {
			isa = XCConfigurationList;
			buildConfigurations = (
				3B5DAC141BAD15E0002529CC /* Debug */,
				3B5DAC151BAD15E0002529CC /* Release */,
			);
			defaultConfigurationIsVisible = 0;
			defaultConfigurationName = Release;
		};
/* End XCConfigurationList section */
	};
	rootObject = 3B5DABD81BAD15DF002529CC /* Project object */;
}
